Microsoft Visual Studio Solution File, Format Version 12.00
# Visual Studio Version 17
VisualStudioVersion = 17.5.2.0
MinimumVisualStudioVersion = 10.0.40219.1
Project("{FAE04EC0-301F-11D3-BF4B-00C04F79EFBC}") = "JenkinsDemo", "JenkinsDemo\JenkinsDemo.csproj", "{5755FF2D-84A7-D37C-82AE-974BF08DEBCB}"
EndProject
Global
	GlobalSection(SolutionConfigurationPlatforms) = preSolution
		Debug|Any CPU = Debug|Any CPU
		Release|Any CPU = Release|Any CPU
	EndGlobalSection
	GlobalSection(ProjectConfigurationPlatforms) = postSolution
		{5755FF2D-84A7-D37C-82AE-974BF08DEBCB}.Debug|Any CPU.ActiveCfg = Debug|Any CPU
		{5755FF2D-84A7-D37C-82AE-974BF08DEBCB}.Debug|Any CPU.Build.0 = Debug|Any CPU
		{5755FF2D-84A7-D37C-82AE-974BF08DEBCB}.Release|Any CPU.ActiveCfg = Release|Any CPU
		{5755FF2D-84A7-D37C-82AE-974BF08DEBCB}.Release|Any CPU.Build.0 = Release|Any CPU
	EndGlobalSection
	GlobalSection(SolutionProperties) = preSolution
		HideSolutionNode = FALSE
	EndGlobalSection
	GlobalSection(ExtensibilityGlobals) = postSolution
		SolutionGuid = {0386202E-8EC1-45AF-B156-FD9A475790FE}
	EndGlobalSection
EndGlobal
